# THIS IS AN AUTOGENERATED FILE. DO NOT EDIT THIS FILE DIRECTLY.
# yarn lockfile v1


jquery@^3.3.1:
  version "3.3.1"
  resolved "https://registry.yarnpkg.com/jquery/-/jquery-3.3.1.tgz#958ce29e81c9790f31be7792df5d4d95fc57fbca"
  integrity sha512-Ubldcmxp5np52/ENotGxlLe6aGMvmF4R8S6tZjsP6Knsaxd/xp3Zrh50cG93lR6nPXyUFwzN3ZSOQI0wRJNdGg==

notify-js-legacy@^0.4.1:
  version "0.4.1"
  resolved "https://registry.yarnpkg.com/notify-js-legacy/-/notify-js-legacy-0.4.1.tgz#d8cd3a03a16de5018b469ed578f9cd0a5d98afa7"
  integrity sha1-2M06A6Ft5QGLRp7VePnNCl2Yr6c=
